
Microsoft Visual Studio Solution File, Format Version 12.00
# Visual Studio Version 16
VisualStudioVersion = 16.0.31321.278
MinimumVisualStudioVersion = 10.0.40219.1
Project("{FAE04EC0-301F-11D3-BF4B-00C04F79EFBC}") = "Methods_Babcock_Olivia", "Methods_Babcock_Olivia\Methods_Babcock_Olivia.csproj", "{5A6D66CD-9734-4F0F-9056-B495B91E351D}"
EndProject
Global
	GlobalSection(SolutionConfigurationPlatforms) = preSolution
		Debug|Any CPU = Debug|Any CPU
		Release|Any CPU = Release|Any CPU
	EndGlobalSection
	GlobalSection(ProjectConfigurationPlatforms) = postSolution
		{5A6D66CD-9734-4F0F-9056-B495B91E351D}.Debug|Any CPU.ActiveCfg = Debug|Any CPU
		{5A6D66CD-9734-4F0F-9056-B495B91E351D}.Debug|Any CPU.Build.0 = Debug|Any CPU
		{5A6D66CD-9734-4F0F-9056-B495B91E351D}.Release|Any CPU.ActiveCfg = Release|Any CPU
		{5A6D66CD-9734-4F0F-9056-B495B91E351D}.Release|Any CPU.Build.0 = Release|Any CPU
	EndGlobalSection
	GlobalSection(SolutionProperties) = preSolution
		HideSolutionNode = FALSE
	EndGlobalSection
	GlobalSection(ExtensibilityGlobals) = postSolution
		SolutionGuid = {BF8D3C5F-B1EB-49CB-ABFB-6FEC1E1CE451}
	EndGlobalSection
EndGlobal
